
Microsoft Visual Studio Solution File, Format Version 12.00
# Visual Studio Version 16
VisualStudioVersion = 16.0.30907.101
MinimumVisualStudioVersion = 10.0.40219.1
Project("{FAE04EC0-301F-11D3-BF4B-00C04F79EFBC}") = "SyncServices", "SCServices\SyncServices.csproj", "{0886A1BB-E874-4319-BFF7-57B3A5C636DE}"
EndProject
Project("{FAE04EC0-301F-11D3-BF4B-00C04F79EFBC}") = "TestWebservice", "TestWebservice\TestWebservice.csproj", "{62C04622-1477-44F8-973B-8F31DC49A5DD}"
	ProjectSection(ProjectDependencies) = postProject
		{0886A1BB-E874-4319-BFF7-57B3A5C636DE} = {0886A1BB-E874-4319-BFF7-57B3A5C636DE}
	EndProjectSection
EndProject
Project("{FAE04EC0-301F-11D3-BF4B-00C04F79EFBC}") = "WcfMobile", "WcfMobile\WcfMobile.csproj", "{D989F39C-E4F1-4151-9E06-F0CFC2642911}"
EndProject
Project("{FAE04EC0-301F-11D3-BF4B-00C04F79EFBC}") = "DynamicsTestWin", "DynamicsTestWin\DynamicsTestWin.csproj", "{BCF0E945-2F4F-4030-90BD-CE836E91D667}"
EndProject
Project("{FAE04EC0-301F-11D3-BF4B-00C04F79EFBC}") = "AlohaAPI", "AlohaAPI\AlohaAPI.csproj", "{254F6E3C-5AF7-4946-9366-D708B8142D68}"
EndProject
Project("{2150E333-8FDC-42A3-9474-1A3956D46DE8}") = "Utilities", "Utilities", "{0F1FBC89-C8CA-47A8-9AD1-1C29FD4439AE}"
EndProject
Project("{FAE04EC0-301F-11D3-BF4B-00C04F79EFBC}") = "AuthenticationUtility", "AuthenticationUtility\AuthenticationUtility.csproj", "{195ED9B3-92AD-417E-B20A-6438DD0E0B55}"
EndProject
Project("{FAE04EC0-301F-11D3-BF4B-00C04F79EFBC}") = "SoapUtility", "SoapUtility\SoapUtility.csproj", "{1DBAB883-BAB6-4433-8EAB-6E197634F158}"
EndProject
Global
	GlobalSection(SolutionConfigurationPlatforms) = preSolution
		Debug|Any CPU = Debug|Any CPU
		Debug|Mixed Platforms = Debug|Mixed Platforms
		Debug|x86 = Debug|x86
		Release|Any CPU = Release|Any CPU
		Release|Mixed Platforms = Release|Mixed Platforms
		Release|x86 = Release|x86
	EndGlobalSection
	GlobalSection(ProjectConfigurationPlatforms) = postSolution
		{0886A1BB-E874-4319-BFF7-57B3A5C636DE}.Debug|Any CPU.ActiveCfg = Debug|Any CPU
		{0886A1BB-E874-4319-BFF7-57B3A5C636DE}.Debug|Any CPU.Build.0 = Debug|Any CPU
		{0886A1BB-E874-4319-BFF7-57B3A5C636DE}.Debug|Mixed Platforms.ActiveCfg = Debug|Any CPU
		{0886A1BB-E874-4319-BFF7-57B3A5C636DE}.Debug|Mixed Platforms.Build.0 = Debug|Any CPU
		{0886A1BB-E874-4319-BFF7-57B3A5C636DE}.Debug|x86.ActiveCfg = Debug|Any CPU
		{0886A1BB-E874-4319-BFF7-57B3A5C636DE}.Release|Any CPU.ActiveCfg = Release|Any CPU
		{0886A1BB-E874-4319-BFF7-57B3A5C636DE}.Release|Any CPU.Build.0 = Release|Any CPU
		{0886A1BB-E874-4319-BFF7-57B3A5C636DE}.Release|Mixed Platforms.ActiveCfg = Release|Any CPU
		{0886A1BB-E874-4319-BFF7-57B3A5C636DE}.Release|Mixed Platforms.Build.0 = Release|Any CPU
		{0886A1BB-E874-4319-BFF7-57B3A5C636DE}.Release|x86.ActiveCfg = Release|Any CPU
		{62C04622-1477-44F8-973B-8F31DC49A5DD}.Debug|Any CPU.ActiveCfg = Debug|x86
		{62C04622-1477-44F8-973B-8F31DC49A5DD}.Debug|Mixed Platforms.ActiveCfg = Debug|x86
		{62C04622-1477-44F8-973B-8F31DC49A5DD}.Debug|Mixed Platforms.Build.0 = Debug|x86
		{62C04622-1477-44F8-973B-8F31DC49A5DD}.Debug|x86.ActiveCfg = Debug|x86
		{62C04622-1477-44F8-973B-8F31DC49A5DD}.Debug|x86.Build.0 = Debug|x86
		{62C04622-1477-44F8-973B-8F31DC49A5DD}.Release|Any CPU.ActiveCfg = Release|x86
		{62C04622-1477-44F8-973B-8F31DC49A5DD}.Release|Mixed Platforms.ActiveCfg = Release|x86
		{62C04622-1477-44F8-973B-8F31DC49A5DD}.Release|Mixed Platforms.Build.0 = Release|x86
		{62C04622-1477-44F8-973B-8F31DC49A5DD}.Release|x86.ActiveCfg = Release|x86
		{62C04622-1477-44F8-973B-8F31DC49A5DD}.Release|x86.Build.0 = Release|x86
		{D989F39C-E4F1-4151-9E06-F0CFC2642911}.Debug|Any CPU.ActiveCfg = Debug|Any CPU
		{D989F39C-E4F1-4151-9E06-F0CFC2642911}.Debug|Any CPU.Build.0 = Debug|Any CPU
		{D989F39C-E4F1-4151-9E06-F0CFC2642911}.Debug|Mixed Platforms.ActiveCfg = Debug|Any CPU
		{D989F39C-E4F1-4151-9E06-F0CFC2642911}.Debug|Mixed Platforms.Build.0 = Debug|Any CPU
		{D989F39C-E4F1-4151-9E06-F0CFC2642911}.Debug|x86.ActiveCfg = Debug|Any CPU
		{D989F39C-E4F1-4151-9E06-F0CFC2642911}.Debug|x86.Build.0 = Debug|Any CPU
		{D989F39C-E4F1-4151-9E06-F0CFC2642911}.Release|Any CPU.ActiveCfg = Release|Any CPU
		{D989F39C-E4F1-4151-9E06-F0CFC2642911}.Release|Any CPU.Build.0 = Release|Any CPU
		{D989F39C-E4F1-4151-9E06-F0CFC2642911}.Release|Mixed Platforms.ActiveCfg = Release|Any CPU
		{D989F39C-E4F1-4151-9E06-F0CFC2642911}.Release|Mixed Platforms.Build.0 = Release|Any CPU
		{D989F39C-E4F1-4151-9E06-F0CFC2642911}.Release|x86.ActiveCfg = Release|Any CPU
		{D989F39C-E4F1-4151-9E06-F0CFC2642911}.Release|x86.Build.0 = Release|Any CPU
		{BCF0E945-2F4F-4030-90BD-CE836E91D667}.Debug|Any CPU.ActiveCfg = Debug|Any CPU
		{BCF0E945-2F4F-4030-90BD-CE836E91D667}.Debug|Any CPU.Build.0 = Debug|Any CPU
		{BCF0E945-2F4F-4030-90BD-CE836E91D667}.Debug|Mixed Platforms.ActiveCfg = Debug|Any CPU
		{BCF0E945-2F4F-4030-90BD-CE836E91D667}.Debug|Mixed Platforms.Build.0 = Debug|Any CPU
		{BCF0E945-2F4F-4030-90BD-CE836E91D667}.Debug|x86.ActiveCfg = Debug|Any CPU
		{BCF0E945-2F4F-4030-90BD-CE836E91D667}.Debug|x86.Build.0 = Debug|Any CPU
		{BCF0E945-2F4F-4030-90BD-CE836E91D667}.Release|Any CPU.ActiveCfg = Release|Any CPU
		{BCF0E945-2F4F-4030-90BD-CE836E91D667}.Release|Any CPU.Build.0 = Release|Any CPU
		{BCF0E945-2F4F-4030-90BD-CE836E91D667}.Release|Mixed Platforms.ActiveCfg = Release|Any CPU
		{BCF0E945-2F4F-4030-90BD-CE836E91D667}.Release|Mixed Platforms.Build.0 = Release|Any CPU
		{BCF0E945-2F4F-4030-90BD-CE836E91D667}.Release|x86.ActiveCfg = Release|Any CPU
		{BCF0E945-2F4F-4030-90BD-CE836E91D667}.Release|x86.Build.0 = Release|Any CPU
		{254F6E3C-5AF7-4946-9366-D708B8142D68}.Debug|Any CPU.ActiveCfg = Debug|Any CPU
		{254F6E3C-5AF7-4946-9366-D708B8142D68}.Debug|Any CPU.Build.0 = Debug|Any CPU
		{254F6E3C-5AF7-4946-9366-D708B8142D68}.Debug|Mixed Platforms.ActiveCfg = Debug|Any CPU
		{254F6E3C-5AF7-4946-9366-D708B8142D68}.Debug|Mixed Platforms.Build.0 = Debug|Any CPU
		{254F6E3C-5AF7-4946-9366-D708B8142D68}.Debug|x86.ActiveCfg = Debug|Any CPU
		{254F6E3C-5AF7-4946-9366-D708B8142D68}.Debug|x86.Build.0 = Debug|Any CPU
		{254F6E3C-5AF7-4946-9366-D708B8142D68}.Release|Any CPU.ActiveCfg = Release|Any CPU
		{254F6E3C-5AF7-4946-9366-D708B8142D68}.Release|Any CPU.Build.0 = Release|Any CPU
		{254F6E3C-5AF7-4946-9366-D708B8142D68}.Release|Mixed Platforms.ActiveCfg = Release|Any CPU
		{254F6E3C-5AF7-4946-9366-D708B8142D68}.Release|Mixed Platforms.Build.0 = Release|Any CPU
		{254F6E3C-5AF7-4946-9366-D708B8142D68}.Release|x86.ActiveCfg = Release|Any CPU
		{254F6E3C-5AF7-4946-9366-D708B8142D68}.Release|x86.Build.0 = Release|Any CPU
		{195ED9B3-92AD-417E-B20A-6438DD0E0B55}.Debug|Any CPU.ActiveCfg = Debug|Any CPU
		{195ED9B3-92AD-417E-B20A-6438DD0E0B55}.Debug|Any CPU.Build.0 = Debug|Any CPU
		{195ED9B3-92AD-417E-B20A-6438DD0E0B55}.Debug|Mixed Platforms.ActiveCfg = Debug|Any CPU
		{195ED9B3-92AD-417E-B20A-6438DD0E0B55}.Debug|Mixed Platforms.Build.0 = Debug|Any CPU
		{195ED9B3-92AD-417E-B20A-6438DD0E0B55}.Debug|x86.ActiveCfg = Debug|Any CPU
		{195ED9B3-92AD-417E-B20A-6438DD0E0B55}.Debug|x86.Build.0 = Debug|Any CPU
		{195ED9B3-92AD-417E-B20A-6438DD0E0B55}.Release|Any CPU.ActiveCfg = Release|Any CPU
		{195ED9B3-92AD-417E-B20A-6438DD0E0B55}.Release|Any CPU.Build.0 = Release|Any CPU
		{195ED9B3-92AD-417E-B20A-6438DD0E0B55}.Release|Mixed Platforms.ActiveCfg = Release|Any CPU
		{195ED9B3-92AD-417E-B20A-6438DD0E0B55}.Release|Mixed Platforms.Build.0 = Release|Any CPU
		{195ED9B3-92AD-417E-B20A-6438DD0E0B55}.Release|x86.ActiveCfg = Release|Any CPU
		{195ED9B3-92AD-417E-B20A-6438DD0E0B55}.Release|x86.Build.0 = Release|Any CPU
		{1DBAB883-BAB6-4433-8EAB-6E197634F158}.Debug|Any CPU.ActiveCfg = Debug|Any CPU
		{1DBAB883-BAB6-4433-8EAB-6E197634F158}.Debug|Any CPU.Build.0 = Debug|Any CPU
		{1DBAB883-BAB6-4433-8EAB-6E197634F158}.Debug|Mixed Platforms.ActiveCfg = Debug|Any CPU
		{1DBAB883-BAB6-4433-8EAB-6E197634F158}.Debug|Mixed Platforms.Build.0 = Debug|Any CPU
		{1DBAB883-BAB6-4433-8EAB-6E197634F158}.Debug|x86.ActiveCfg = Debug|Any CPU
		{1DBAB883-BAB6-4433-8EAB-6E197634F158}.Debug|x86.Build.0 = Debug|Any CPU
		{1DBAB883-BAB6-4433-8EAB-6E197634F158}.Release|Any CPU.ActiveCfg = Release|Any CPU
		{1DBAB883-BAB6-4433-8EAB-6E197634F158}.Release|Any CPU.Build.0 = Release|Any CPU
		{1DBAB883-BAB6-4433-8EAB-6E197634F158}.Release|Mixed Platforms.ActiveCfg = Release|Any CPU
		{1DBAB883-BAB6-4433-8EAB-6E197634F158}.Release|Mixed Platforms.Build.0 = Release|Any CPU
		{1DBAB883-BAB6-4433-8EAB-6E197634F158}.Release|x86.ActiveCfg = Release|Any CPU
		{1DBAB883-BAB6-4433-8EAB-6E197634F158}.Release|x86.Build.0 = Release|Any CPU
	EndGlobalSection
	GlobalSection(SolutionProperties) = preSolution
		HideSolutionNode = FALSE
	EndGlobalSection
	GlobalSection(NestedProjects) = preSolution
		{195ED9B3-92AD-417E-B20A-6438DD0E0B55} = {0F1FBC89-C8CA-47A8-9AD1-1C29FD4439AE}
		{1DBAB883-BAB6-4433-8EAB-6E197634F158} = {0F1FBC89-C8CA-47A8-9AD1-1C29FD4439AE}
	EndGlobalSection
	GlobalSection(ExtensibilityGlobals) = postSolution
		SolutionGuid = {4E7AA6B9-A7B2-42B0-B8CD-42B85775F2CE}
	EndGlobalSection
EndGlobal
